// !$*UTF8*$!
{
	archiveVersion = 1;
	classes = {
	};
	objectVersion = 50;
	objects = {

/* Begin PBXBuildFile section */
		6A0322DE26A5E7D0008E97C8 /* NotificationsSettings.swift in Sources */ = {isa = PBXBuildFile; fileRef = 6A0322DD26A5E7D0008E97C8 /* NotificationsSettings.swift */; };
		6A0322DF26A5E7D0008E97C8 /* NotificationsSettings.swift in Sources */ = {isa = PBXBuildFile; fileRef = 6A0322DD26A5E7D0008E97C8 /* NotificationsSettings.swift */; };
		6A0322E926A60584008E97C8 /* Bundle+Extension.swift in Sources */ = {isa = PBXBuildFile; fileRef = 6A0322E826A60584008E97C8 /* Bundle+Extension.swift */; };
		6A0322EA26A60584008E97C8 /* Bundle+Extension.swift in Sources */ = {isa = PBXBuildFile; fileRef = 6A0322E826A60584008E97C8 /* Bundle+Extension.swift */; };
		6A0322ED26A60FA0008E97C8 /* WatchConnectivity.swift in Sources */ = {isa = PBXBuildFile; fileRef = 6A0322EC26A60FA0008E97C8 /* WatchConnectivity.swift */; };
		6A0322F126A6213C008E97C8 /* WatchConnectivity.swift in Sources */ = {isa = PBXBuildFile; fileRef = 6A0322EC26A60FA0008E97C8 /* WatchConnectivity.swift */; };
		6A040AA2277CF52000D69C0A /* CSVFile.swift in Sources */ = {isa = PBXBuildFile; fileRef = 6A040AA1277CF52000D69C0A /* CSVFile.swift */; };
		6A040AA4277CFB2000D69C0A /* RecordStore+Extension.swift in Sources */ = {isa = PBXBuildFile; fileRef = 6A040AA3277CFB2000D69C0A /* RecordStore+Extension.swift */; };
		6A045F8726ABC3DF001BD75D /* Localizable.strings in Resources */ = {isa = PBXBuildFile; fileRef = 6A045F8A26ABC3DF001BD75D /* Localizable.strings */; };
		6A045F8826ABC3DF001BD75D /* Localizable.strings in Resources */ = {isa = PBXBuildFile; fileRef = 6A045F8A26ABC3DF001BD75D /* Localizable.strings */; };
		6A084D0527761A4F009A8256 /* RecordAddView.swift in Sources */ = {isa = PBXBuildFile; fileRef = 6A084D0427761A4F009A8256 /* RecordAddView.swift */; };
		6A0D4904277215B50043125F /* Number+Extension.swift in Sources */ = {isa = PBXBuildFile; fileRef = 6A0D4903277215B50043125F /* Number+Extension.swift */; };
		6A0D4905277219970043125F /* String+Extension.swift in Sources */ = {isa = PBXBuildFile; fileRef = 6AEA3B1E26F7E2D500C72CEF /* String+Extension.swift */; };
		6A0D4906277219DA0043125F /* Number+Extension.swift in Sources */ = {isa = PBXBuildFile; fileRef = 6A0D4903277215B50043125F /* Number+Extension.swift */; };
		6A32848127737C8200D1A45F /* DataCell.swift in Sources */ = {isa = PBXBuildFile; fileRef = 6A32848027737C8200D1A45F /* DataCell.swift */; };
		6A3284832773D5B600D1A45F /* MeanWearingTimeView.swift in Sources */ = {isa = PBXBuildFile; fileRef = 6A3284822773D5B600D1A45F /* MeanWearingTimeView.swift */; };
		6A4E5FD02704949A00E09AC4 /* Bool+Extension.swift in Sources */ = {isa = PBXBuildFile; fileRef = 6A4E5FCF2704949A00E09AC4 /* Bool+Extension.swift */; };
		6A4FD2C5269F0A6D00F7081D /* Day.swift in Sources */ = {isa = PBXBuildFile; fileRef = 6A4FD2C4269F0A6D00F7081D /* Day.swift */; };
		6A4FD2CB269F515800F7081D /* SettingsView.swift in Sources */ = {isa = PBXBuildFile; fileRef = 6A4FD2CA269F515800F7081D /* SettingsView.swift */; };
		6A4FD2D326A041AF00F7081D /* HealthKit.swift in Sources */ = {isa = PBXBuildFile; fileRef = 6A4FD2D226A041AF00F7081D /* HealthKit.swift */; };
		6A59423626A8415900986619 /* AppLogger.swift in Sources */ = {isa = PBXBuildFile; fileRef = 6A59423526A8415900986619 /* AppLogger.swift */; };
		6A59423726A8415900986619 /* AppLogger.swift in Sources */ = {isa = PBXBuildFile; fileRef = 6A59423526A8415900986619 /* AppLogger.swift */; };
		6A59423A26A850D700986619 /* Complications.swift in Sources */ = {isa = PBXBuildFile; fileRef = 6A59423926A850D700986619 /* Complications.swift */; };
		6A6051112773FFE000492AA2 /* MeanNonWearingTimeView.swift in Sources */ = {isa = PBXBuildFile; fileRef = 6A6051102773FFE000492AA2 /* MeanNonWearingTimeView.swift */; };
		6A6051132774010500492AA2 /* ConsecutiveAchievedGoalView.swift in Sources */ = {isa = PBXBuildFile; fileRef = 6A6051122774010500492AA2 /* ConsecutiveAchievedGoalView.swift */; };
		6A60511527740B4700492AA2 /* MeanWearOnHourView.swift in Sources */ = {isa = PBXBuildFile; fileRef = 6A60511427740B4700492AA2 /* MeanWearOnHourView.swift */; };
		6A60E1D427458D970043652C /* GraphView.swift in Sources */ = {isa = PBXBuildFile; fileRef = 6A60E1D327458D970043652C /* GraphView.swift */; };
		6A60E1D62745992F0043652C /* StatsView.swift in Sources */ = {isa = PBXBuildFile; fileRef = 6A60E1D52745992F0043652C /* StatsView.swift */; };
		6A6281C426ABD0C500C32322 /* Localizable.strings in Resources */ = {isa = PBXBuildFile; fileRef = 6A045F8A26ABC3DF001BD75D /* Localizable.strings */; };
		6A64377227710B78004E814B /* Graph.swift in Sources */ = {isa = PBXBuildFile; fileRef = 6A64377127710B78004E814B /* Graph.swift */; };
		6A6AFB8F26A8C64E00DC2785 /* RequestPermission.swift in Sources */ = {isa = PBXBuildFile; fileRef = 6A17458B26A8C4FB00B337BE /* RequestPermission.swift */; };
		6A779C2226A45E03003DF0CE /* AndroTrackAppDelegate.swift in Sources */ = {isa = PBXBuildFile; fileRef = 6A779C2126A45E03003DF0CE /* AndroTrackAppDelegate.swift */; };
		6A779C2526A46001003DF0CE /* AndroTrackApp.swift in Sources */ = {isa = PBXBuildFile; fileRef = 6A779C2426A46001003DF0CE /* AndroTrackApp.swift */; };
		6A8B2D9026A1B51E00D63862 /* UserDefaults+Extension.swift in Sources */ = {isa = PBXBuildFile; fileRef = 6A8B2D8F26A1B51E00D63862 /* UserDefaults+Extension.swift */; };
		6A922C4926A4574A005782DB /* Assets.xcassets in Resources */ = {isa = PBXBuildFile; fileRef = 6A922C4826A4574A005782DB /* Assets.xcassets */; };
		6A922C5026A4574A005782DB /* WatchAndroTrack Extension.appex in Embed App Extensions */ = {isa = PBXBuildFile; fileRef = 6A922C4F26A4574A005782DB /* WatchAndroTrack Extension.appex */; settings = {ATTRIBUTES = (RemoveHeadersOnCopy, ); }; };
		6A922C5726A4574A005782DB /* ContentView.swift in Sources */ = {isa = PBXBuildFile; fileRef = 6A922C5626A4574A005782DB /* ContentView.swift */; };
		6A922C5926A4574A005782DB /* NotificationController.swift in Sources */ = {isa = PBXBuildFile; fileRef = 6A922C5826A4574A005782DB /* NotificationController.swift */; };
		6A922C5B26A4574A005782DB /* NotificationView.swift in Sources */ = {isa = PBXBuildFile; fileRef = 6A922C5A26A4574A005782DB /* NotificationView.swift */; };
		6A922C5D26A4574A005782DB /* ComplicationController.swift in Sources */ = {isa = PBXBuildFile; fileRef = 6A922C5C26A4574A005782DB /* ComplicationController.swift */; };
		6A922C5F26A4574B005782DB /* Assets.xcassets in Resources */ = {isa = PBXBuildFile; fileRef = 6A922C5E26A4574B005782DB /* Assets.xcassets */; };
		6A922C6226A4574B005782DB /* Preview Assets.xcassets in Resources */ = {isa = PBXBuildFile; fileRef = 6A922C6126A4574B005782DB /* Preview Assets.xcassets */; };
		6A922C6726A4574B005782DB /* WatchAndroTrack.app in Embed Watch Content */ = {isa = PBXBuildFile; fileRef = 6A922C4626A45747005782DB /* WatchAndroTrack.app */; settings = {ATTRIBUTES = (RemoveHeadersOnCopy, ); }; };
		6A922C7026A4588F005782DB /* Color+Extension.swift in Sources */ = {isa = PBXBuildFile; fileRef = 6A9A6F72269E3CBC00A78C5C /* Color+Extension.swift */; };
		6A922C7126A4588F005782DB /* UserDefaults+Extension.swift in Sources */ = {isa = PBXBuildFile; fileRef = 6A8B2D8F26A1B51E00D63862 /* UserDefaults+Extension.swift */; };
		6A922C7226A4588F005782DB /* Double+Extension.swift in Sources */ = {isa = PBXBuildFile; fileRef = 6A9A6F7C269E457100A78C5C /* Double+Extension.swift */; };
		6A922C7326A4588F005782DB /* RecordStore.swift in Sources */ = {isa = PBXBuildFile; fileRef = 6A9A6F6B269E2FE700A78C5C /* RecordStore.swift */; };
		6A922C7426A4588F005782DB /* HealthKit.swift in Sources */ = {isa = PBXBuildFile; fileRef = 6A4FD2D226A041AF00F7081D /* HealthKit.swift */; };
		6A922C7526A4588F005782DB /* RingShape.swift in Sources */ = {isa = PBXBuildFile; fileRef = 6A9A6F79269E439400A78C5C /* RingShape.swift */; };
		6A922C7826A4588F005782DB /* Record.swift in Sources */ = {isa = PBXBuildFile; fileRef = 6A9A6F5F269E178500A78C5C /* Record.swift */; };
		6A922C7926A4588F005782DB /* Date+Extension.swift in Sources */ = {isa = PBXBuildFile; fileRef = 6A9A6F75269E402300A78C5C /* Date+Extension.swift */; };
		6A922C7A26A4588F005782DB /* Day.swift in Sources */ = {isa = PBXBuildFile; fileRef = 6A4FD2C4269F0A6D00F7081D /* Day.swift */; };
		6A922C7B26A4588F005782DB /* SettingsStore.swift in Sources */ = {isa = PBXBuildFile; fileRef = 6ADBD5DD26A1D4FF009FDB3D /* SettingsStore.swift */; };
		6A922C7C26A4588F005782DB /* TimeRingView.swift in Sources */ = {isa = PBXBuildFile; fileRef = 6A9A6F6E269E3C6C00A78C5C /* TimeRingView.swift */; };
		6A922C8026A45B2F005782DB /* TodayView.swift in Sources */ = {isa = PBXBuildFile; fileRef = 6A922C7F26A45B2F005782DB /* TodayView.swift */; };
		6A93AF2B26A5A10B00702DC7 /* TimeInterval+Extension.swift in Sources */ = {isa = PBXBuildFile; fileRef = 6A93AF2A26A5A10B00702DC7 /* TimeInterval+Extension.swift */; };
		6A93AF2C26A5A10B00702DC7 /* TimeInterval+Extension.swift in Sources */ = {isa = PBXBuildFile; fileRef = 6A93AF2A26A5A10B00702DC7 /* TimeInterval+Extension.swift */; };
		6A93AF2E26A5B22600702DC7 /* Comparable+Extension.swift in Sources */ = {isa = PBXBuildFile; fileRef = 6A93AF2D26A5B22600702DC7 /* Comparable+Extension.swift */; };
		6A93AF2F26A5B22600702DC7 /* Comparable+Extension.swift in Sources */ = {isa = PBXBuildFile; fileRef = 6A93AF2D26A5B22600702DC7 /* Comparable+Extension.swift */; };
		6A9A662726A748C800E7526A /* Notifications.swift in Sources */ = {isa = PBXBuildFile; fileRef = 6A9A662626A748C800E7526A /* Notifications.swift */; };
		6A9A662A26A7571700E7526A /* NotificationType.swift in Sources */ = {isa = PBXBuildFile; fileRef = 6A9A662926A7571700E7526A /* NotificationType.swift */; };
		6A9A662B26A7571700E7526A /* NotificationType.swift in Sources */ = {isa = PBXBuildFile; fileRef = 6A9A662926A7571700E7526A /* NotificationType.swift */; };
		6A9A663326A78A1000E7526A /* GenericModal.swift in Sources */ = {isa = PBXBuildFile; fileRef = 6A9A663226A78A1000E7526A /* GenericModal.swift */; };
		6A9A6F51269E15BA00A78C5C /* AndroTrackApp.swift in Sources */ = {isa = PBXBuildFile; fileRef = 6A9A6F3E269E15B900A78C5C /* AndroTrackApp.swift */; };
		6A9A6F53269E15BA00A78C5C /* ContentView.swift in Sources */ = {isa = PBXBuildFile; fileRef = 6A9A6F3F269E15B900A78C5C /* ContentView.swift */; };
		6A9A6F55269E15BA00A78C5C /* Assets.xcassets in Resources */ = {isa = PBXBuildFile; fileRef = 6A9A6F40269E15BA00A78C5C /* Assets.xcassets */; };
		6A9A6F60269E178500A78C5C /* Record.swift in Sources */ = {isa = PBXBuildFile; fileRef = 6A9A6F5F269E178500A78C5C /* Record.swift */; };
		6A9A6F69269E21B800A78C5C /* RecordView.swift in Sources */ = {isa = PBXBuildFile; fileRef = 6A9A6F68269E21B800A78C5C /* RecordView.swift */; };
		6A9A6F6C269E2FE700A78C5C /* RecordStore.swift in Sources */ = {isa = PBXBuildFile; fileRef = 6A9A6F6B269E2FE700A78C5C /* RecordStore.swift */; };
		6A9A6F6F269E3C6C00A78C5C /* TimeRingView.swift in Sources */ = {isa = PBXBuildFile; fileRef = 6A9A6F6E269E3C6C00A78C5C /* TimeRingView.swift */; };
		6A9A6F73269E3CBC00A78C5C /* Color+Extension.swift in Sources */ = {isa = PBXBuildFile; fileRef = 6A9A6F72269E3CBC00A78C5C /* Color+Extension.swift */; };
		6A9A6F76269E402300A78C5C /* Date+Extension.swift in Sources */ = {isa = PBXBuildFile; fileRef = 6A9A6F75269E402300A78C5C /* Date+Extension.swift */; };
		6A9A6F7A269E439400A78C5C /* RingShape.swift in Sources */ = {isa = PBXBuildFile; fileRef = 6A9A6F79269E439400A78C5C /* RingShape.swift */; };
		6A9A6F7D269E457100A78C5C /* Double+Extension.swift in Sources */ = {isa = PBXBuildFile; fileRef = 6A9A6F7C269E457100A78C5C /* Double+Extension.swift */; };
		6A9A6F80269E6D3200A78C5C /* TodayView.swift in Sources */ = {isa = PBXBuildFile; fileRef = 6A9A6F7F269E6D3200A78C5C /* TodayView.swift */; };
		6A9A6F83269E6D9000A78C5C /* HistoryView.swift in Sources */ = {isa = PBXBuildFile; fileRef = 6A9A6F82269E6D9000A78C5C /* HistoryView.swift */; };
		6AAC4E6826AA472000FB6401 /* RequirementView.swift in Sources */ = {isa = PBXBuildFile; fileRef = 6AAC4E6726AA472000FB6401 /* RequirementView.swift */; };
		6AB8DD772705E1B7002EEB0B /* Wiggling.swift in Sources */ = {isa = PBXBuildFile; fileRef = 6AB8DD762705E1B6002EEB0B /* Wiggling.swift */; };
		6ADBD5D626A1C053009FDB3D /* ThemeSelectorView.swift in Sources */ = {isa = PBXBuildFile; fileRef = 6ADBD5D526A1C053009FDB3D /* ThemeSelectorView.swift */; };
		6ADBD5DE26A1D4FF009FDB3D /* SettingsStore.swift in Sources */ = {isa = PBXBuildFile; fileRef = 6ADBD5DD26A1D4FF009FDB3D /* SettingsStore.swift */; };
		6AE14C68277D28B300501866 /* HealthKit.framework in Frameworks */ = {isa = PBXBuildFile; fileRef = 6AE14C67277D28B300501866 /* HealthKit.framework */; };
		6AE14C69277D2BBF00501866 /* Notifications.swift in Sources */ = {isa = PBXBuildFile; fileRef = 6A9A662626A748C800E7526A /* Notifications.swift */; };
		6AE36946277419F100D8C36D /* MeanWearOffHourView.swift in Sources */ = {isa = PBXBuildFile; fileRef = 6AE36945277419F100D8C36D /* MeanWearOffHourView.swift */; };
		6AE3694827741B3B00D8C36D /* FirstRecordDateView.swift in Sources */ = {isa = PBXBuildFile; fileRef = 6AE3694727741B3B00D8C36D /* FirstRecordDateView.swift */; };
		6AE3694A27741C0200D8C36D /* CurrentConsecutiveSerieStartView.swift in Sources */ = {isa = PBXBuildFile; fileRef = 6AE3694927741C0200D8C36D /* CurrentConsecutiveSerieStartView.swift */; };
		6AE8ED932772B41900C4680F /* HistoryCalendarDayView.swift in Sources */ = {isa = PBXBuildFile; fileRef = 6AE8ED922772B41900C4680F /* HistoryCalendarDayView.swift */; };
		6AE8ED962772B99C00C4680F /* DataView.swift in Sources */ = {isa = PBXBuildFile; fileRef = 6AE8ED952772B99C00C4680F /* DataView.swift */; };
		6AE99A3227417A91002837B7 /* CalendarView.swift in Sources */ = {isa = PBXBuildFile; fileRef = 6AE99A3127417A91002837B7 /* CalendarView.swift */; };
		6AE99A35274289E5002837B7 /* DateFormatter+extension.swift in Sources */ = {isa = PBXBuildFile; fileRef = 6AE99A34274289E5002837B7 /* DateFormatter+extension.swift */; };
		6AE99A3727428A02002837B7 /* Calendar+Extension.swift in Sources */ = {isa = PBXBuildFile; fileRef = 6AE99A3627428A02002837B7 /* Calendar+Extension.swift */; };
		6AE99A3927428A1C002837B7 /* WeekView.swift in Sources */ = {isa = PBXBuildFile; fileRef = 6AE99A3827428A1C002837B7 /* WeekView.swift */; };
		6AE99A3B27428AC6002837B7 /* MonthView.swift in Sources */ = {isa = PBXBuildFile; fileRef = 6AE99A3A27428AC6002837B7 /* MonthView.swift */; };
		6AE99A3E2742AD91002837B7 /* HistoryCalendarView.swift in Sources */ = {isa = PBXBuildFile; fileRef = 6AE99A3D2742AD91002837B7 /* HistoryCalendarView.swift */; };
		6AE99A402742B074002837B7 /* HistoryListView.swift in Sources */ = {isa = PBXBuildFile; fileRef = 6AE99A3F2742B074002837B7 /* HistoryListView.swift */; };
		6AE99A42274300F5002837B7 /* HistoryDayView.swift in Sources */ = {isa = PBXBuildFile; fileRef = 6AE99A41274300F5002837B7 /* HistoryDayView.swift */; };
		6AE99A4427430F88002837B7 /* HistoryListCompatView.swift in Sources */ = {isa = PBXBuildFile; fileRef = 6AE99A4327430F88002837B7 /* HistoryListCompatView.swift */; };
		6AEA3B1B26F7CE5200C72CEF /* When.swift in Sources */ = {isa = PBXBuildFile; fileRef = 6AEA3B1A26F7CE5200C72CEF /* When.swift */; };
		6AEA3B1D26F7D21B00C72CEF /* RecordEditView.swift in Sources */ = {isa = PBXBuildFile; fileRef = 6AEA3B1C26F7D21B00C72CEF /* RecordEditView.swift */; };
		6AEA3B1F26F7E2D500C72CEF /* String+Extension.swift in Sources */ = {isa = PBXBuildFile; fileRef = 6AEA3B1E26F7E2D500C72CEF /* String+Extension.swift */; };
/* End PBXBuildFile section */

/* Begin PBXContainerItemProxy section */
		6A922C5126A4574A005782DB /* PBXContainerItemProxy */ = {
			isa = PBXContainerItemProxy;
			containerPortal = 6A9A6F39269E15B800A78C5C /* Project object */;
			proxyType = 1;
			remoteGlobalIDString = 6A922C4E26A4574A005782DB;
			remoteInfo = "WatchAndroTrack Extension";
		};
		6A922C6526A4574B005782DB /* PBXContainerItemProxy */ = {
			isa = PBXContainerItemProxy;
			containerPortal = 6A9A6F39269E15B800A78C5C /* Project object */;
			proxyType = 1;
			remoteGlobalIDString = 6A922C4526A45747005782DB;
			remoteInfo = WatchAndroTrack;
		};
/* End PBXContainerItemProxy section */

/* Begin PBXCopyFilesBuildPhase section */
		6A922C6B26A4574B005782DB /* Embed App Extensions */ = {
			isa = PBXCopyFilesBuildPhase;
			buildActionMask = 2147483647;
			dstPath = "";
			dstSubfolderSpec = 13;
			files = (
				6A922C5026A4574A005782DB /* WatchAndroTrack Extension.appex in Embed App Extensions */,
			);
			name = "Embed App Extensions";
			runOnlyForDeploymentPostprocessing = 0;
		};
		6A922C6F26A4574B005782DB /* Embed Watch Content */ = {
			isa = PBXCopyFilesBuildPhase;
			buildActionMask = 2147483647;
			dstPath = "$(CONTENTS_FOLDER_PATH)/Watch";
			dstSubfolderSpec = 16;
			files = (
				6A922C6726A4574B005782DB /* WatchAndroTrack.app in Embed Watch Content */,
			);
			name = "Embed Watch Content";
			runOnlyForDeploymentPostprocessing = 0;
		};
/* End PBXCopyFilesBuildPhase section */

/* Begin PBXFileReference section */
		6A0322DD26A5E7D0008E97C8 /* NotificationsSettings.swift */ = {isa = PBXFileReference; lastKnownFileType = sourcecode.swift; path = NotificationsSettings.swift; sourceTree = "<group>"; };
		6A0322E826A60584008E97C8 /* Bundle+Extension.swift */ = {isa = PBXFileReference; lastKnownFileType = sourcecode.swift; path = "Bundle+Extension.swift"; sourceTree = "<group>"; };
		6A0322EC26A60FA0008E97C8 /* WatchConnectivity.swift */ = {isa = PBXFileReference; lastKnownFileType = sourcecode.swift; path = WatchConnectivity.swift; sourceTree = "<group>"; };
		6A040AA1277CF52000D69C0A /* CSVFile.swift */ = {isa = PBXFileReference; lastKnownFileType = sourcecode.swift; path = CSVFile.swift; sourceTree = "<group>"; };
		6A040AA3277CFB2000D69C0A /* RecordStore+Extension.swift */ = {isa = PBXFileReference; lastKnownFileType = sourcecode.swift; path = "RecordStore+Extension.swift"; sourceTree = "<group>"; };
		6A045F8B26ABC3EA001BD75D /* en */ = {isa = PBXFileReference; fileEncoding = 4; lastKnownFileType = text.plist.strings; name = en; path = en.lproj/Localizable.strings; sourceTree = "<group>"; };
		6A045F8E26ABCCC1001BD75D /* fr */ = {isa = PBXFileReference; fileEncoding = 4; lastKnownFileType = text.plist.strings; name = fr; path = fr.lproj/Localizable.strings; sourceTree = "<group>"; };
		6A084D0427761A4F009A8256 /* RecordAddView.swift */ = {isa = PBXFileReference; lastKnownFileType = sourcecode.swift; path = RecordAddView.swift; sourceTree = "<group>"; };
		6A0D4903277215B50043125F /* Number+Extension.swift */ = {isa = PBXFileReference; lastKnownFileType = sourcecode.swift; path = "Number+Extension.swift"; sourceTree = "<group>"; };
		6A17458B26A8C4FB00B337BE /* RequestPermission.swift */ = {isa = PBXFileReference; lastKnownFileType = sourcecode.swift; path = RequestPermission.swift; sourceTree = "<group>"; };
		6A32848027737C8200D1A45F /* DataCell.swift */ = {isa = PBXFileReference; lastKnownFileType = sourcecode.swift; path = DataCell.swift; sourceTree = "<group>"; };
		6A3284822773D5B600D1A45F /* MeanWearingTimeView.swift */ = {isa = PBXFileReference; lastKnownFileType = sourcecode.swift; path = MeanWearingTimeView.swift; sourceTree = "<group>"; };
		6A4E5FCF2704949A00E09AC4 /* Bool+Extension.swift */ = {isa = PBXFileReference; lastKnownFileType = sourcecode.swift; path = "Bool+Extension.swift"; sourceTree = "<group>"; };
		6A4FD2C4269F0A6D00F7081D /* Day.swift */ = {isa = PBXFileReference; lastKnownFileType = sourcecode.swift; path = Day.swift; sourceTree = "<group>"; };
		6A4FD2CA269F515800F7081D /* SettingsView.swift */ = {isa = PBXFileReference; lastKnownFileType = sourcecode.swift; path = SettingsView.swift; sourceTree = "<group>"; };
		6A4FD2CD269F807600F7081D /* AndroTrack.entitlements */ = {isa = PBXFileReference; lastKnownFileType = text.plist.entitlements; path = AndroTrack.entitlements; sourceTree = "<group>"; };
		6A4FD2D226A041AF00F7081D /* HealthKit.swift */ = {isa = PBXFileReference; lastKnownFileType = sourcecode.swift; path = HealthKit.swift; sourceTree = "<group>"; };
		6A59423526A8415900986619 /* AppLogger.swift */ = {isa = PBXFileReference; lastKnownFileType = sourcecode.swift; path = AppLogger.swift; sourceTree = "<group>"; };
		6A59423926A850D700986619 /* Complications.swift */ = {isa = PBXFileReference; lastKnownFileType = sourcecode.swift; path = Complications.swift; sourceTree = "<group>"; };
		6A6051102773FFE000492AA2 /* MeanNonWearingTimeView.swift */ = {isa = PBXFileReference; lastKnownFileType = sourcecode.swift; path = MeanNonWearingTimeView.swift; sourceTree = "<group>"; };
		6A6051122774010500492AA2 /* ConsecutiveAchievedGoalView.swift */ = {isa = PBXFileReference; lastKnownFileType = sourcecode.swift; path = ConsecutiveAchievedGoalView.swift; sourceTree = "<group>"; };
		6A60511427740B4700492AA2 /* MeanWearOnHourView.swift */ = {isa = PBXFileReference; lastKnownFileType = sourcecode.swift; path = MeanWearOnHourView.swift; sourceTree = "<group>"; };
		6A60E1D327458D970043652C /* GraphView.swift */ = {isa = PBXFileReference; lastKnownFileType = sourcecode.swift; path = GraphView.swift; sourceTree = "<group>"; };
		6A60E1D52745992F0043652C /* StatsView.swift */ = {isa = PBXFileReference; lastKnownFileType = sourcecode.swift; path = StatsView.swift; sourceTree = "<group>"; };
		6A64377127710B78004E814B /* Graph.swift */ = {isa = PBXFileReference; lastKnownFileType = sourcecode.swift; path = Graph.swift; sourceTree = "<group>"; };
		6A779C2126A45E03003DF0CE /* AndroTrackAppDelegate.swift */ = {isa = PBXFileReference; lastKnownFileType = sourcecode.swift; path = AndroTrackAppDelegate.swift; sourceTree = "<group>"; };
		6A779C2426A46001003DF0CE /* AndroTrackApp.swift */ = {isa = PBXFileReference; lastKnownFileType = sourcecode.swift; path = AndroTrackApp.swift; sourceTree = "<group>"; };
		6A779C2726A46585003DF0CE /* WatchAndroTrack Extension.entitlements */ = {isa = PBXFileReference; lastKnownFileType = text.plist.entitlements; path = "WatchAndroTrack Extension.entitlements"; sourceTree = "<group>"; };
		6A8B2D8F26A1B51E00D63862 /* UserDefaults+Extension.swift */ = {isa = PBXFileReference; lastKnownFileType = sourcecode.swift; path = "UserDefaults+Extension.swift"; sourceTree = "<group>"; };
		6A922C4626A45747005782DB /* WatchAndroTrack.app */ = {isa = PBXFileReference; explicitFileType = wrapper.application; includeInIndex = 0; path = WatchAndroTrack.app; sourceTree = BUILT_PRODUCTS_DIR; };
		6A922C4826A4574A005782DB /* Assets.xcassets */ = {isa = PBXFileReference; lastKnownFileType = folder.assetcatalog; path = Assets.xcassets; sourceTree = "<group>"; };
		6A922C4A26A4574A005782DB /* Info.plist */ = {isa = PBXFileReference; lastKnownFileType = text.plist.xml; path = Info.plist; sourceTree = "<group>"; };
		6A922C4F26A4574A005782DB /* WatchAndroTrack Extension.appex */ = {isa = PBXFileReference; explicitFileType = "wrapper.app-extension"; includeInIndex = 0; path = "WatchAndroTrack Extension.appex"; sourceTree = BUILT_PRODUCTS_DIR; };
		6A922C5626A4574A005782DB /* ContentView.swift */ = {isa = PBXFileReference; lastKnownFileType = sourcecode.swift; path = ContentView.swift; sourceTree = "<group>"; };
		6A922C5826A4574A005782DB /* NotificationController.swift */ = {isa = PBXFileReference; lastKnownFileType = sourcecode.swift; path = NotificationController.swift; sourceTree = "<group>"; };
		6A922C5A26A4574A005782DB /* NotificationView.swift */ = {isa = PBXFileReference; lastKnownFileType = sourcecode.swift; path = NotificationView.swift; sourceTree = "<group>"; };
		6A922C5C26A4574A005782DB /* ComplicationController.swift */ = {isa = PBXFileReference; lastKnownFileType = sourcecode.swift; path = ComplicationController.swift; sourceTree = "<group>"; };
		6A922C5E26A4574B005782DB /* Assets.xcassets */ = {isa = PBXFileReference; lastKnownFileType = folder.assetcatalog; path = Assets.xcassets; sourceTree = "<group>"; };
		6A922C6126A4574B005782DB /* Preview Assets.xcassets */ = {isa = PBXFileReference; lastKnownFileType = folder.assetcatalog; path = "Preview Assets.xcassets"; sourceTree = "<group>"; };
		6A922C6326A4574B005782DB /* Info.plist */ = {isa = PBXFileReference; lastKnownFileType = text.plist.xml; path = Info.plist; sourceTree = "<group>"; };
		6A922C6426A4574B005782DB /* PushNotificationPayload.apns */ = {isa = PBXFileReference; lastKnownFileType = text; path = PushNotificationPayload.apns; sourceTree = "<group>"; };
		6A922C7F26A45B2F005782DB /* TodayView.swift */ = {isa = PBXFileReference; lastKnownFileType = sourcecode.swift; path = TodayView.swift; sourceTree = "<group>"; };
		6A93AF2A26A5A10B00702DC7 /* TimeInterval+Extension.swift */ = {isa = PBXFileReference; lastKnownFileType = sourcecode.swift; path = "TimeInterval+Extension.swift"; sourceTree = "<group>"; };
		6A93AF2D26A5B22600702DC7 /* Comparable+Extension.swift */ = {isa = PBXFileReference; lastKnownFileType = sourcecode.swift; path = "Comparable+Extension.swift"; sourceTree = "<group>"; };
		6A9A662626A748C800E7526A /* Notifications.swift */ = {isa = PBXFileReference; lastKnownFileType = sourcecode.swift; path = Notifications.swift; sourceTree = "<group>"; };
		6A9A662926A7571700E7526A /* NotificationType.swift */ = {isa = PBXFileReference; lastKnownFileType = sourcecode.swift; path = NotificationType.swift; sourceTree = "<group>"; };
		6A9A663226A78A1000E7526A /* GenericModal.swift */ = {isa = PBXFileReference; lastKnownFileType = sourcecode.swift; path = GenericModal.swift; sourceTree = "<group>"; };
		6A9A6F3E269E15B900A78C5C /* AndroTrackApp.swift */ = {isa = PBXFileReference; lastKnownFileType = sourcecode.swift; path = AndroTrackApp.swift; sourceTree = "<group>"; };
		6A9A6F3F269E15B900A78C5C /* ContentView.swift */ = {isa = PBXFileReference; lastKnownFileType = sourcecode.swift; path = ContentView.swift; sourceTree = "<group>"; };
		6A9A6F40269E15BA00A78C5C /* Assets.xcassets */ = {isa = PBXFileReference; lastKnownFileType = folder.assetcatalog; path = Assets.xcassets; sourceTree = "<group>"; };
		6A9A6F45269E15BA00A78C5C /* AndroTrack.app */ = {isa = PBXFileReference; explicitFileType = wrapper.application; includeInIndex = 0; path = AndroTrack.app; sourceTree = BUILT_PRODUCTS_DIR; };
		6A9A6F48269E15BA00A78C5C /* Info.plist */ = {isa = PBXFileReference; lastKnownFileType = text.plist.xml; path = Info.plist; sourceTree = "<group>"; };
		6A9A6F5F269E178500A78C5C /* Record.swift */ = {isa = PBXFileReference; lastKnownFileType = sourcecode.swift; path = Record.swift; sourceTree = "<group>"; };
		6A9A6F68269E21B800A78C5C /* RecordView.swift */ = {isa = PBXFileReference; lastKnownFileType = sourcecode.swift; path = RecordView.swift; sourceTree = "<group>"; };
		6A9A6F6B269E2FE700A78C5C /* RecordStore.swift */ = {isa = PBXFileReference; lastKnownFileType = sourcecode.swift; path = RecordStore.swift; sourceTree = "<group>"; };
		6A9A6F6E269E3C6C00A78C5C /* TimeRingView.swift */ = {isa = PBXFileReference; lastKnownFileType = sourcecode.swift; path = TimeRingView.swift; sourceTree = "<group>"; };
		6A9A6F72269E3CBC00A78C5C /* Color+Extension.swift */ = {isa = PBXFileReference; lastKnownFileType = sourcecode.swift; path = "Color+Extension.swift"; sourceTree = "<group>"; };
		6A9A6F75269E402300A78C5C /* Date+Extension.swift */ = {isa = PBXFileReference; lastKnownFileType = sourcecode.swift; path = "Date+Extension.swift"; sourceTree = "<group>"; };
		6A9A6F79269E439400A78C5C /* RingShape.swift */ = {isa = PBXFileReference; lastKnownFileType = sourcecode.swift; path = RingShape.swift; sourceTree = "<group>"; };
		6A9A6F7C269E457100A78C5C /* Double+Extension.swift */ = {isa = PBXFileReference; lastKnownFileType = sourcecode.swift; path = "Double+Extension.swift"; sourceTree = "<group>"; };
		6A9A6F7F269E6D3200A78C5C /* TodayView.swift */ = {isa = PBXFileReference; lastKnownFileType = sourcecode.swift; path = TodayView.swift; sourceTree = "<group>"; };
		6A9A6F82269E6D9000A78C5C /* HistoryView.swift */ = {isa = PBXFileReference; lastKnownFileType = sourcecode.swift; path = HistoryView.swift; sourceTree = "<group>"; };
		6AAC4E6726AA472000FB6401 /* RequirementView.swift */ = {isa = PBXFileReference; lastKnownFileType = sourcecode.swift; path = RequirementView.swift; sourceTree = "<group>"; };
		6AB8DD762705E1B6002EEB0B /* Wiggling.swift */ = {isa = PBXFileReference; fileEncoding = 4; lastKnownFileType = sourcecode.swift; path = Wiggling.swift; sourceTree = "<group>"; };
		6ADBD5D526A1C053009FDB3D /* ThemeSelectorView.swift */ = {isa = PBXFileReference; lastKnownFileType = sourcecode.swift; path = ThemeSelectorView.swift; sourceTree = "<group>"; };
		6ADBD5DD26A1D4FF009FDB3D /* SettingsStore.swift */ = {isa = PBXFileReference; lastKnownFileType = sourcecode.swift; path = SettingsStore.swift; sourceTree = "<group>"; };
		6AE14C67277D28B300501866 /* HealthKit.framework */ = {isa = PBXFileReference; lastKnownFileType = wrapper.framework; name = HealthKit.framework; path = Platforms/WatchOS.platform/Developer/SDKs/WatchOS8.3.sdk/System/Library/Frameworks/HealthKit.framework; sourceTree = DEVELOPER_DIR; };
		6AE36945277419F100D8C36D /* MeanWearOffHourView.swift */ = {isa = PBXFileReference; lastKnownFileType = sourcecode.swift; path = MeanWearOffHourView.swift; sourceTree = "<group>"; };
		6AE3694727741B3B00D8C36D /* FirstRecordDateView.swift */ = {isa = PBXFileReference; lastKnownFileType = sourcecode.swift; path = FirstRecordDateView.swift; sourceTree = "<group>"; };
		6AE3694927741C0200D8C36D /* CurrentConsecutiveSerieStartView.swift */ = {isa = PBXFileReference; lastKnownFileType = sourcecode.swift; path = CurrentConsecutiveSerieStartView.swift; sourceTree = "<group>"; };
		6AE8ED922772B41900C4680F /* HistoryCalendarDayView.swift */ = {isa = PBXFileReference; lastKnownFileType = sourcecode.swift; path = HistoryCalendarDayView.swift; sourceTree = "<group>"; };
		6AE8ED952772B99C00C4680F /* DataView.swift */ = {isa = PBXFileReference; lastKnownFileType = sourcecode.swift; path = DataView.swift; sourceTree = "<group>"; };
		6AE99A3127417A91002837B7 /* CalendarView.swift */ = {isa = PBXFileReference; lastKnownFileType = sourcecode.swift; path = CalendarView.swift; sourceTree = "<group>"; };
		6AE99A34274289E5002837B7 /* DateFormatter+extension.swift */ = {isa = PBXFileReference; lastKnownFileType = sourcecode.swift; path = "DateFormatter+extension.swift"; sourceTree = "<group>"; };
		6AE99A3627428A02002837B7 /* Calendar+Extension.swift */ = {isa = PBXFileReference; lastKnownFileType = sourcecode.swift; path = "Calendar+Extension.swift"; sourceTree = "<group>"; };
		6AE99A3827428A1C002837B7 /* WeekView.swift */ = {isa = PBXFileReference; lastKnownFileType = sourcecode.swift; path = WeekView.swift; sourceTree = "<group>"; };
		6AE99A3A27428AC6002837B7 /* MonthView.swift */ = {isa = PBXFileReference; lastKnownFileType = sourcecode.swift; path = MonthView.swift; sourceTree = "<group>"; };
		6AE99A3D2742AD91002837B7 /* HistoryCalendarView.swift */ = {isa = PBXFileReference; lastKnownFileType = sourcecode.swift; path = HistoryCalendarView.swift; sourceTree = "<group>"; };
		6AE99A3F2742B074002837B7 /* HistoryListView.swift */ = {isa = PBXFileReference; lastKnownFileType = sourcecode.swift; path = HistoryListView.swift; sourceTree = "<group>"; };
		6AE99A41274300F5002837B7 /* HistoryDayView.swift */ = {isa = PBXFileReference; lastKnownFileType = sourcecode.swift; path = HistoryDayView.swift; sourceTree = "<group>"; };
		6AE99A4327430F88002837B7 /* HistoryListCompatView.swift */ = {isa = PBXFileReference; lastKnownFileType = sourcecode.swift; path = HistoryListCompatView.swift; sourceTree = "<group>"; };
		6AEA3B1A26F7CE5200C72CEF /* When.swift */ = {isa = PBXFileReference; lastKnownFileType = sourcecode.swift; path = When.swift; sourceTree = "<group>"; };
		6AEA3B1C26F7D21B00C72CEF /* RecordEditView.swift */ = {isa = PBXFileReference; lastKnownFileType = sourcecode.swift; path = RecordEditView.swift; sourceTree = "<group>"; };
		6AEA3B1E26F7E2D500C72CEF /* String+Extension.swift */ = {isa = PBXFileReference; lastKnownFileType = sourcecode.swift; path = "String+Extension.swift"; sourceTree = "<group>"; };
/* End PBXFileReference section */

/* Begin PBXFrameworksBuildPhase section */
		6A922C4C26A4574A005782DB /* Frameworks */ = {
			isa = PBXFrameworksBuildPhase;
			buildActionMask = 2147483647;
			files = (
				6AE14C68277D28B300501866 /* HealthKit.framework in Frameworks */,
			);
			runOnlyForDeploymentPostprocessing = 0;
		};
		6A9A6F42269E15BA00A78C5C /* Frameworks */ = {
			isa = PBXFrameworksBuildPhase;
			buildActionMask = 2147483647;
			files = (
			);
			runOnlyForDeploymentPostprocessing = 0;
		};
/* End PBXFrameworksBuildPhase section */

/* Begin PBXGroup section */
		6A0322DC26A5E6F4008E97C8 /* Views */ = {
			isa = PBXGroup;
			children = (
				6AE8ED912772B35500C4680F /* Stats */,
				6AAC4E6426AA1F1200FB6401 /* Elements */,
				6A9A6F3F269E15B900A78C5C /* ContentView.swift */,
				6AEA3B1C26F7D21B00C72CEF /* RecordEditView.swift */,
				6A084D0427761A4F009A8256 /* RecordAddView.swift */,
				6AAC4E6726AA472000FB6401 /* RequirementView.swift */,
				6A9A6F7F269E6D3200A78C5C /* TodayView.swift */,
				6A4FD2CA269F515800F7081D /* SettingsView.swift */,
				6A17458B26A8C4FB00B337BE /* RequestPermission.swift */,
				6AE99A3C2742AD46002837B7 /* History */,
			);
			path = Views;
			sourceTree = "<group>";
		};
		6A32847F27737C6D00D1A45F /* Data */ = {
			isa = PBXGroup;
			children = (
				6AE3694927741C0200D8C36D /* CurrentConsecutiveSerieStartView.swift */,
				6A60511427740B4700492AA2 /* MeanWearOnHourView.swift */,
				6AE3694727741B3B00D8C36D /* FirstRecordDateView.swift */,
				6AE36945277419F100D8C36D /* MeanWearOffHourView.swift */,
				6A6051102773FFE000492AA2 /* MeanNonWearingTimeView.swift */,
				6A6051122774010500492AA2 /* ConsecutiveAchievedGoalView.swift */,
				6AE8ED952772B99C00C4680F /* DataView.swift */,
				6A32848027737C8200D1A45F /* DataCell.swift */,
				6A3284822773D5B600D1A45F /* MeanWearingTimeView.swift */,
			);
			path = Data;
			sourceTree = "<group>";
		};
		6A4FD2CE269F807600F7081D /* Frameworks */ = {
			isa = PBXGroup;
			children = (
				6AE14C67277D28B300501866 /* HealthKit.framework */,
			);
			name = Frameworks;
			sourceTree = "<group>";
		};
		6A4FD2D126A0419F00F7081D /* Services */ = {
			isa = PBXGroup;
			children = (
				6A0322EC26A60FA0008E97C8 /* WatchConnectivity.swift */,
				6A4FD2D226A041AF00F7081D /* HealthKit.swift */,
				6A9A662626A748C800E7526A /* Notifications.swift */,
				6A59423526A8415900986619 /* AppLogger.swift */,
			);
			path = Services;
			sourceTree = "<group>";
		};
		6A779C2626A460E2003DF0CE /* Views */ = {
			isa = PBXGroup;
			children = (
				6AAC4E6626AA1F6700FB6401 /* Elements */,
				6A922C5626A4574A005782DB /* ContentView.swift */,
				6A922C7F26A45B2F005782DB /* TodayView.swift */,
			);
			path = Views;
			sourceTree = "<group>";
		};
		6A922C4726A45747005782DB /* WatchAndroTrack */ = {
			isa = PBXGroup;
			children = (
				6A922C4826A4574A005782DB /* Assets.xcassets */,
				6A922C4A26A4574A005782DB /* Info.plist */,
			);
			path = WatchAndroTrack;
			sourceTree = "<group>";
		};
		6A922C5326A4574A005782DB /* WatchAndroTrack Extension */ = {
			isa = PBXGroup;
			children = (
				6A779C2626A460E2003DF0CE /* Views */,
				6A779C2426A46001003DF0CE /* AndroTrackApp.swift */,
				6A922C5826A4574A005782DB /* NotificationController.swift */,
				6A922C5A26A4574A005782DB /* NotificationView.swift */,
				6A922C5C26A4574A005782DB /* ComplicationController.swift */,
				6A922C5E26A4574B005782DB /* Assets.xcassets */,
				6A922C6326A4574B005782DB /* Info.plist */,
				6A779C2726A46585003DF0CE /* WatchAndroTrack Extension.entitlements */,
				6A922C6426A4574B005782DB /* PushNotificationPayload.apns */,
				6A922C6026A4574B005782DB /* Preview Content */,
			);
			path = "WatchAndroTrack Extension";
			sourceTree = "<group>";
		};
		6A922C6026A4574B005782DB /* Preview Content */ = {
			isa = PBXGroup;
			children = (
				6A922C6126A4574B005782DB /* Preview Assets.xcassets */,
			);
			path = "Preview Content";
			sourceTree = "<group>";
		};
		6A9A6F38269E15B800A78C5C = {
			isa = PBXGroup;
			children = (
				6A4FD2CD269F807600F7081D /* AndroTrack.entitlements */,
				6A9A6F3D269E15B800A78C5C /* Shared */,
				6A9A6F47269E15BA00A78C5C /* iOS */,
				6A922C4726A45747005782DB /* WatchAndroTrack */,
				6A922C5326A4574A005782DB /* WatchAndroTrack Extension */,
				6A9A6F46269E15BA00A78C5C /* Products */,
				6A4FD2CE269F807600F7081D /* Frameworks */,
			);
			sourceTree = "<group>";
		};
		6A9A6F3D269E15B800A78C5C /* Shared */ = {
			isa = PBXGroup;
			children = (
				6AEA3B1726F7CB2000C72CEF /* Modifiers */,
				6AAC4E6526AA1F2500FB6401 /* Views */,
				6A4FD2D126A0419F00F7081D /* Services */,
				6A9A6F71269E3CB100A78C5C /* Extensions */,
				6A9A6F62269E1AB900A78C5C /* Models */,
				6ADBD5DF26A1D53A009FDB3D /* Stores */,
				6A045F8A26ABC3DF001BD75D /* Localizable.strings */,
			);
			path = Shared;
			sourceTree = "<group>";
		};
		6A9A6F46269E15BA00A78C5C /* Products */ = {
			isa = PBXGroup;
			children = (
				6A9A6F45269E15BA00A78C5C /* AndroTrack.app */,
				6A922C4626A45747005782DB /* WatchAndroTrack.app */,
				6A922C4F26A4574A005782DB /* WatchAndroTrack Extension.appex */,
			);
			name = Products;
			sourceTree = "<group>";
		};
		6A9A6F47269E15BA00A78C5C /* iOS */ = {
			isa = PBXGroup;
			children = (
				6A0322DC26A5E6F4008E97C8 /* Views */,
				6A9A6F3E269E15B900A78C5C /* AndroTrackApp.swift */,
				6A779C2126A45E03003DF0CE /* AndroTrackAppDelegate.swift */,
				6A9A6F48269E15BA00A78C5C /* Info.plist */,
				6A9A6F40269E15BA00A78C5C /* Assets.xcassets */,
			);
			path = iOS;
			sourceTree = "<group>";
		};
		6A9A6F62269E1AB900A78C5C /* Models */ = {
			isa = PBXGroup;
			children = (
				6A9A6F5F269E178500A78C5C /* Record.swift */,
				6A4FD2C4269F0A6D00F7081D /* Day.swift */,
				6A0322DD26A5E7D0008E97C8 /* NotificationsSettings.swift */,
				6A9A662926A7571700E7526A /* NotificationType.swift */,
			);
			path = Models;
			sourceTree = "<group>";
		};
		6A9A6F66269E1CEB00A78C5C /* Elements */ = {
			isa = PBXGroup;
			children = (
				6A9A6F6E269E3C6C00A78C5C /* TimeRingView.swift */,
				6A9A6F79269E439400A78C5C /* RingShape.swift */,
			);
			path = Elements;
			sourceTree = "<group>";
		};
		6A9A6F71269E3CB100A78C5C /* Extensions */ = {
			isa = PBXGroup;
			children = (
				6A9A6F72269E3CBC00A78C5C /* Color+Extension.swift */,
				6A93AF2A26A5A10B00702DC7 /* TimeInterval+Extension.swift */,
				6A93AF2D26A5B22600702DC7 /* Comparable+Extension.swift */,
				6A9A6F75269E402300A78C5C /* Date+Extension.swift */,
				6A9A6F7C269E457100A78C5C /* Double+Extension.swift */,
				6A8B2D8F26A1B51E00D63862 /* UserDefaults+Extension.swift */,
				6A0322E826A60584008E97C8 /* Bundle+Extension.swift */,
				6AEA3B1E26F7E2D500C72CEF /* String+Extension.swift */,
				6A4E5FCF2704949A00E09AC4 /* Bool+Extension.swift */,
				6AE99A34274289E5002837B7 /* DateFormatter+extension.swift */,
				6AE99A3627428A02002837B7 /* Calendar+Extension.swift */,
				6A0D4903277215B50043125F /* Number+Extension.swift */,
				6A040AA1277CF52000D69C0A /* CSVFile.swift */,
			);
			path = Extensions;
			sourceTree = "<group>";
		};
		6AAC4E6426AA1F1200FB6401 /* Elements */ = {
			isa = PBXGroup;
			children = (
				6AE99A332742893A002837B7 /* Calendar */,
				6ADBD5D526A1C053009FDB3D /* ThemeSelectorView.swift */,
				6A9A6F68269E21B800A78C5C /* RecordView.swift */,
				6A9A663226A78A1000E7526A /* GenericModal.swift */,
				6A64377127710B78004E814B /* Graph.swift */,
			);
			path = Elements;
			sourceTree = "<group>";
		};
		6AAC4E6526AA1F2500FB6401 /* Views */ = {
			isa = PBXGroup;
			children = (
				6A9A6F66269E1CEB00A78C5C /* Elements */,
			);
			path = Views;
			sourceTree = "<group>";
		};
		6AAC4E6626AA1F6700FB6401 /* Elements */ = {
			isa = PBXGroup;
			children = (
				6A59423926A850D700986619 /* Complications.swift */,
			);
			path = Elements;
			sourceTree = "<group>";
		};
		6ADBD5DF26A1D53A009FDB3D /* Stores */ = {
			isa = PBXGroup;
			children = (
				6A9A6F6B269E2FE700A78C5C /* RecordStore.swift */,
				6A040AA3277CFB2000D69C0A /* RecordStore+Extension.swift */,
				6ADBD5DD26A1D4FF009FDB3D /* SettingsStore.swift */,
			);
			path = Stores;
			sourceTree = "<group>";
		};
		6AE8ED912772B35500C4680F /* Stats */ = {
			isa = PBXGroup;
			children = (
				6A32847F27737C6D00D1A45F /* Data */,
				6A60E1D52745992F0043652C /* StatsView.swift */,
				6A60E1D327458D970043652C /* GraphView.swift */,
			);
			path = Stats;
			sourceTree = "<group>";
		};
		6AE99A332742893A002837B7 /* Calendar */ = {
			isa = PBXGroup;
			children = (
				6AE99A3127417A91002837B7 /* CalendarView.swift */,
				6AE99A3827428A1C002837B7 /* WeekView.swift */,
				6AE99A3A27428AC6002837B7 /* MonthView.swift */,
			);
			path = Calendar;
			sourceTree = "<group>";
		};
		6AE99A3C2742AD46002837B7 /* History */ = {
			isa = PBXGroup;
			children = (
				6A9A6F82269E6D9000A78C5C /* HistoryView.swift */,
				6AE99A3D2742AD91002837B7 /* HistoryCalendarView.swift */,
				6AE8ED922772B41900C4680F /* HistoryCalendarDayView.swift */,
				6AE99A3F2742B074002837B7 /* HistoryListView.swift */,
				6AE99A4327430F88002837B7 /* HistoryListCompatView.swift */,
				6AE99A41274300F5002837B7 /* HistoryDayView.swift */,
			);
			path = History;
			sourceTree = "<group>";
		};
		6AEA3B1726F7CB2000C72CEF /* Modifiers */ = {
			isa = PBXGroup;
			children = (
				6AB8DD762705E1B6002EEB0B /* Wiggling.swift */,
				6AEA3B1A26F7CE5200C72CEF /* When.swift */,
			);
			path = Modifiers;
			sourceTree = "<group>";
		};
/* End PBXGroup section */

/* Begin PBXNativeTarget section */
		6A922C4526A45747005782DB /* WatchAndroTrack */ = {
			isa = PBXNativeTarget;
			buildConfigurationList = 6A922C6C26A4574B005782DB /* Build configuration list for PBXNativeTarget "WatchAndroTrack" */;
			buildPhases = (
				6A922C4426A45747005782DB /* Resources */,
				6A922C6B26A4574B005782DB /* Embed App Extensions */,
			);
			buildRules = (
			);
			dependencies = (
				6A922C5226A4574A005782DB /* PBXTargetDependency */,
			);
			name = WatchAndroTrack;
			productName = WatchAndroTrack;
			productReference = 6A922C4626A45747005782DB /* WatchAndroTrack.app */;
			productType = "com.apple.product-type.application.watchapp2";
		};
		6A922C4E26A4574A005782DB /* WatchAndroTrack Extension */ = {
			isa = PBXNativeTarget;
			buildConfigurationList = 6A922C6826A4574B005782DB /* Build configuration list for PBXNativeTarget "WatchAndroTrack Extension" */;
			buildPhases = (
				6A922C4B26A4574A005782DB /* Sources */,
				6A922C4C26A4574A005782DB /* Frameworks */,
				6A922C4D26A4574A005782DB /* Resources */,
			);
			buildRules = (
			);
			dependencies = (
			);
			name = "WatchAndroTrack Extension";
			packageProductDependencies = (
			);
			productName = "WatchAndroTrack Extension";
			productReference = 6A922C4F26A4574A005782DB /* WatchAndroTrack Extension.appex */;
			productType = "com.apple.product-type.watchkit2-extension";
		};
		6A9A6F44269E15BA00A78C5C /* AndroTrack (iOS) */ = {
			isa = PBXNativeTarget;
			buildConfigurationList = 6A9A6F59269E15BA00A78C5C /* Build configuration list for PBXNativeTarget "AndroTrack (iOS)" */;
			buildPhases = (
				6A9A6F41269E15BA00A78C5C /* Sources */,
				6A9A6F42269E15BA00A78C5C /* Frameworks */,
				6A9A6F43269E15BA00A78C5C /* Resources */,
				6A922C6F26A4574B005782DB /* Embed Watch Content */,
			);
			buildRules = (
			);
			dependencies = (
				6A922C6626A4574B005782DB /* PBXTargetDependency */,
			);
			name = "AndroTrack (iOS)";
			packageProductDependencies = (
			);
			productName = "AndroTrack (iOS)";
			productReference = 6A9A6F45269E15BA00A78C5C /* AndroTrack.app */;
			productType = "com.apple.product-type.application";
		};
/* End PBXNativeTarget section */

/* Begin PBXProject section */
		6A9A6F39269E15B800A78C5C /* Project object */ = {
			isa = PBXProject;
			attributes = {
				LastSwiftUpdateCheck = 1250;
				LastUpgradeCheck = 1250;
				TargetAttributes = {
					6A922C4526A45747005782DB = {
						CreatedOnToolsVersion = 12.5.1;
					};
					6A922C4E26A4574A005782DB = {
						CreatedOnToolsVersion = 12.5.1;
					};
					6A9A6F44269E15BA00A78C5C = {
						CreatedOnToolsVersion = 12.5.1;
					};
				};
			};
			buildConfigurationList = 6A9A6F3C269E15B800A78C5C /* Build configuration list for PBXProject "AndroTrack" */;
			compatibilityVersion = "Xcode 9.3";
			developmentRegion = en;
			hasScannedForEncodings = 0;
			knownRegions = (
				en,
				fr,
				Base,
			);
			mainGroup = 6A9A6F38269E15B800A78C5C;
			packageReferences = (
			);
			productRefGroup = 6A9A6F46269E15BA00A78C5C /* Products */;
			projectDirPath = "";
			projectRoot = "";
			targets = (
				6A9A6F44269E15BA00A78C5C /* AndroTrack (iOS) */,
				6A922C4526A45747005782DB /* WatchAndroTrack */,
				6A922C4E26A4574A005782DB /* WatchAndroTrack Extension */,
			);
		};
/* End PBXProject section */

/* Begin PBXResourcesBuildPhase section */
		6A922C4426A45747005782DB /* Resources */ = {
			isa = PBXResourcesBuildPhase;
			buildActionMask = 2147483647;
			files = (
				6A922C4926A4574A005782DB /* Assets.xcassets in Resources */,
				6A6281C426ABD0C500C32322 /* Localizable.strings in Resources */,
			);
			runOnlyForDeploymentPostprocessing = 0;
		};
		6A922C4D26A4574A005782DB /* Resources */ = {
			isa = PBXResourcesBuildPhase;
			buildActionMask = 2147483647;
			files = (
				6A922C6226A4574B005782DB /* Preview Assets.xcassets in Resources */,
				6A045F8826ABC3DF001BD75D /* Localizable.strings in Resources */,
				6A922C5F26A4574B005782DB /* Assets.xcassets in Resources */,
			);
			runOnlyForDeploymentPostprocessing = 0;
		};
		6A9A6F43269E15BA00A78C5C /* Resources */ = {
			isa = PBXResourcesBuildPhase;
			buildActionMask = 2147483647;
			files = (
				6A9A6F55269E15BA00A78C5C /* Assets.xcassets in Resources */,
				6A045F8726ABC3DF001BD75D /* Localizable.strings in Resources */,
			);
			runOnlyForDeploymentPostprocessing = 0;
		};
/* End PBXResourcesBuildPhase section */

/* Begin PBXSourcesBuildPhase section */
		6A922C4B26A4574A005782DB /* Sources */ = {
			isa = PBXSourcesBuildPhase;
			buildActionMask = 2147483647;
			files = (
				6A9A662B26A7571700E7526A /* NotificationType.swift in Sources */,
				6A0322F126A6213C008E97C8 /* WatchConnectivity.swift in Sources */,
				6A0322DF26A5E7D0008E97C8 /* NotificationsSettings.swift in Sources */,
				6A93AF2F26A5B22600702DC7 /* Comparable+Extension.swift in Sources */,
				6A59423726A8415900986619 /* AppLogger.swift in Sources */,
				6A922C5926A4574A005782DB /* NotificationController.swift in Sources */,
				6A0D4906277219DA0043125F /* Number+Extension.swift in Sources */,
				6A922C7026A4588F005782DB /* Color+Extension.swift in Sources */,
				6AE14C69277D2BBF00501866 /* Notifications.swift in Sources */,
				6A59423A26A850D700986619 /* Complications.swift in Sources */,
				6A922C7426A4588F005782DB /* HealthKit.swift in Sources */,
				6A922C5726A4574A005782DB /* ContentView.swift in Sources */,
				6A922C5D26A4574A005782DB /* ComplicationController.swift in Sources */,
				6A93AF2C26A5A10B00702DC7 /* TimeInterval+Extension.swift in Sources */,
				6A0322EA26A60584008E97C8 /* Bundle+Extension.swift in Sources */,
				6A922C7326A4588F005782DB /* RecordStore.swift in Sources */,
				6A779C2526A46001003DF0CE /* AndroTrackApp.swift in Sources */,
				6A922C7826A4588F005782DB /* Record.swift in Sources */,
				6A922C7A26A4588F005782DB /* Day.swift in Sources */,
				6A922C7226A4588F005782DB /* Double+Extension.swift in Sources */,
				6A922C7526A4588F005782DB /* RingShape.swift in Sources */,
				6A0D4905277219970043125F /* String+Extension.swift in Sources */,
				6A922C7B26A4588F005782DB /* SettingsStore.swift in Sources */,
				6A922C7926A4588F005782DB /* Date+Extension.swift in Sources */,
				6A922C7C26A4588F005782DB /* TimeRingView.swift in Sources */,
				6A922C8026A45B2F005782DB /* TodayView.swift in Sources */,
				6A922C5B26A4574A005782DB /* NotificationView.swift in Sources */,
				6A922C7126A4588F005782DB /* UserDefaults+Extension.swift in Sources */,
			);
			runOnlyForDeploymentPostprocessing = 0;
		};
		6A9A6F41269E15BA00A78C5C /* Sources */ = {
			isa = PBXSourcesBuildPhase;
			buildActionMask = 2147483647;
			files = (
				6A6051132774010500492AA2 /* ConsecutiveAchievedGoalView.swift in Sources */,
				6A0322ED26A60FA0008E97C8 /* WatchConnectivity.swift in Sources */,
				6AE99A4427430F88002837B7 /* HistoryListCompatView.swift in Sources */,
				6AE99A3727428A02002837B7 /* Calendar+Extension.swift in Sources */,
				6AAC4E6826AA472000FB6401 /* RequirementView.swift in Sources */,
				6AE99A3927428A1C002837B7 /* WeekView.swift in Sources */,
				6AE99A35274289E5002837B7 /* DateFormatter+extension.swift in Sources */,
				6A9A6F53269E15BA00A78C5C /* ContentView.swift in Sources */,
				6A9A6F83269E6D9000A78C5C /* HistoryView.swift in Sources */,
				6A9A663326A78A1000E7526A /* GenericModal.swift in Sources */,
				6A779C2226A45E03003DF0CE /* AndroTrackAppDelegate.swift in Sources */,
				6AE3694A27741C0200D8C36D /* CurrentConsecutiveSerieStartView.swift in Sources */,
				6AE99A402742B074002837B7 /* HistoryListView.swift in Sources */,
				6A59423626A8415900986619 /* AppLogger.swift in Sources */,
				6A93AF2B26A5A10B00702DC7 /* TimeInterval+Extension.swift in Sources */,
				6AE99A3B27428AC6002837B7 /* MonthView.swift in Sources */,
				6AEA3B1F26F7E2D500C72CEF /* String+Extension.swift in Sources */,
				6A9A6F6F269E3C6C00A78C5C /* TimeRingView.swift in Sources */,
				6A9A6F73269E3CBC00A78C5C /* Color+Extension.swift in Sources */,
				6A9A6F51269E15BA00A78C5C /* AndroTrackApp.swift in Sources */,
				6A0D4904277215B50043125F /* Number+Extension.swift in Sources */,
				6A040AA4277CFB2000D69C0A /* RecordStore+Extension.swift in Sources */,
				6AE99A3E2742AD91002837B7 /* HistoryCalendarView.swift in Sources */,
				6A3284832773D5B600D1A45F /* MeanWearingTimeView.swift in Sources */,
				6A084D0527761A4F009A8256 /* RecordAddView.swift in Sources */,
				6A9A6F80269E6D3200A78C5C /* TodayView.swift in Sources */,
				6A60E1D62745992F0043652C /* StatsView.swift in Sources */,
				6A64377227710B78004E814B /* Graph.swift in Sources */,
				6A8B2D9026A1B51E00D63862 /* UserDefaults+Extension.swift in Sources */,
				6AE99A3227417A91002837B7 /* CalendarView.swift in Sources */,
				6A4FD2C5269F0A6D00F7081D /* Day.swift in Sources */,
				6A4FD2CB269F515800F7081D /* SettingsView.swift in Sources */,
				6A60E1D427458D970043652C /* GraphView.swift in Sources */,
				6A4E5FD02704949A00E09AC4 /* Bool+Extension.swift in Sources */,
				6A93AF2E26A5B22600702DC7 /* Comparable+Extension.swift in Sources */,
				6A6AFB8F26A8C64E00DC2785 /* RequestPermission.swift in Sources */,
				6A6051112773FFE000492AA2 /* MeanNonWearingTimeView.swift in Sources */,
				6A32848127737C8200D1A45F /* DataCell.swift in Sources */,
				6ADBD5DE26A1D4FF009FDB3D /* SettingsStore.swift in Sources */,
				6AE8ED962772B99C00C4680F /* DataView.swift in Sources */,
				6A60511527740B4700492AA2 /* MeanWearOnHourView.swift in Sources */,
				6AE3694827741B3B00D8C36D /* FirstRecordDateView.swift in Sources */,
				6A9A6F69269E21B800A78C5C /* RecordView.swift in Sources */,
				6A9A662726A748C800E7526A /* Notifications.swift in Sources */,
				6AE8ED932772B41900C4680F /* HistoryCalendarDayView.swift in Sources */,
				6AE36946277419F100D8C36D /* MeanWearOffHourView.swift in Sources */,
				6AE99A42274300F5002837B7 /* HistoryDayView.swift in Sources */,
				6A9A6F76269E402300A78C5C /* Date+Extension.swift in Sources */,
				6A9A6F60269E178500A78C5C /* Record.swift in Sources */,
				6AB8DD772705E1B7002EEB0B /* Wiggling.swift in Sources */,
				6AEA3B1B26F7CE5200C72CEF /* When.swift in Sources */,
				6A9A662A26A7571700E7526A /* NotificationType.swift in Sources */,
				6A9A6F7A269E439400A78C5C /* RingShape.swift in Sources */,
				6A040AA2277CF52000D69C0A /* CSVFile.swift in Sources */,
				6A4FD2D326A041AF00F7081D /* HealthKit.swift in Sources */,
				6A0322E926A60584008E97C8 /* Bundle+Extension.swift in Sources */,
				6AEA3B1D26F7D21B00C72CEF /* RecordEditView.swift in Sources */,
				6A9A6F7D269E457100A78C5C /* Double+Extension.swift in Sources */,
				6A9A6F6C269E2FE700A78C5C /* RecordStore.swift in Sources */,
				6ADBD5D626A1C053009FDB3D /* ThemeSelectorView.swift in Sources */,
				6A0322DE26A5E7D0008E97C8 /* NotificationsSettings.swift in Sources */,
			);
			runOnlyForDeploymentPostprocessing = 0;
		};
/* End PBXSourcesBuildPhase section */

/* Begin PBXTargetDependency section */
		6A922C5226A4574A005782DB /* PBXTargetDependency */ = {
			isa = PBXTargetDependency;
			target = 6A922C4E26A4574A005782DB /* WatchAndroTrack Extension */;
			targetProxy = 6A922C5126A4574A005782DB /* PBXContainerItemProxy */;
		};
		6A922C6626A4574B005782DB /* PBXTargetDependency */ = {
			isa = PBXTargetDependency;
			target = 6A922C4526A45747005782DB /* WatchAndroTrack */;
			targetProxy = 6A922C6526A4574B005782DB /* PBXContainerItemProxy */;
		};
/* End PBXTargetDependency section */

/* Begin PBXVariantGroup section */
		6A045F8A26ABC3DF001BD75D /* Localizable.strings */ = {
			isa = PBXVariantGroup;
			children = (
				6A045F8B26ABC3EA001BD75D /* en */,
				6A045F8E26ABCCC1001BD75D /* fr */,
			);
			name = Localizable.strings;
			sourceTree = "<group>";
		};
/* End PBXVariantGroup section */

/* Begin XCBuildConfiguration section */
		6A922C6926A4574B005782DB /* Debug */ = {
			isa = XCBuildConfiguration;
			buildSettings = {
				ASSETCATALOG_COMPILER_COMPLICATION_NAME = Complication;
				CODE_SIGN_ENTITLEMENTS = "WatchAndroTrack Extension/WatchAndroTrack Extension.entitlements";
				CODE_SIGN_STYLE = Automatic;
				DEVELOPMENT_ASSET_PATHS = "\"WatchAndroTrack Extension/Preview Content\"";
				DEVELOPMENT_TEAM = C24Y42M3EJ;
				ENABLE_PREVIEWS = YES;
				INFOPLIST_FILE = "WatchAndroTrack Extension/Info.plist";
				LD_RUNPATH_SEARCH_PATHS = (
					"$(inherited)",
					"@executable_path/Frameworks",
					"@executable_path/../../Frameworks",
				);
				MARKETING_VERSION = 1.0.14;
				PRODUCT_BUNDLE_IDENTIFIER = eu.coldiary.AndroTrack.watchkitapp.watchkitextension;
				PRODUCT_NAME = "${TARGET_NAME}";
				SDKROOT = watchos;
				SKIP_INSTALL = YES;
				SWIFT_VERSION = 5.0;
				TARGETED_DEVICE_FAMILY = 4;
				WATCHOS_DEPLOYMENT_TARGET = 7.4;
			};
			name = Debug;
		};
		6A922C6A26A4574B005782DB /* Release */ = {
			isa = XCBuildConfiguration;
			buildSettings = {
				ASSETCATALOG_COMPILER_COMPLICATION_NAME = Complication;
				CODE_SIGN_ENTITLEMENTS = "WatchAndroTrack Extension/WatchAndroTrack Extension.entitlements";
				CODE_SIGN_STYLE = Automatic;
				DEVELOPMENT_ASSET_PATHS = "\"WatchAndroTrack Extension/Preview Content\"";
				DEVELOPMENT_TEAM = C24Y42M3EJ;
				ENABLE_PREVIEWS = YES;
				INFOPLIST_FILE = "WatchAndroTrack Extension/Info.plist";
				LD_RUNPATH_SEARCH_PATHS = (
					"$(inherited)",
					"@executable_path/Frameworks",
					"@executable_path/../../Frameworks",
				);
				MARKETING_VERSION = 1.0.14;
				PRODUCT_BUNDLE_IDENTIFIER = eu.coldiary.AndroTrack.watchkitapp.watchkitextension;
				PRODUCT_NAME = "${TARGET_NAME}";
				SDKROOT = watchos;
				SKIP_INSTALL = YES;
				SWIFT_VERSION = 5.0;
				TARGETED_DEVICE_FAMILY = 4;
				VALIDATE_PRODUCT = YES;
				WATCHOS_DEPLOYMENT_TARGET = 7.4;
			};
			name = Release;
		};
		6A922C6D26A4574B005782DB /* Debug */ = {
			isa = XCBuildConfiguration;
			buildSettings = {
				ALWAYS_EMBED_SWIFT_STANDARD_LIBRARIES = YES;
				ASSETCATALOG_COMPILER_APPICON_NAME = AppIcon;
				ASSETCATALOG_COMPILER_GLOBAL_ACCENT_COLOR_NAME = AccentColor;
				CODE_SIGN_STYLE = Automatic;
				DEVELOPMENT_TEAM = C24Y42M3EJ;
				IBSC_MODULE = WatchAndroTrack_Extension;
				INFOPLIST_FILE = WatchAndroTrack/Info.plist;
				MARKETING_VERSION = 1.0.14;
				PRODUCT_BUNDLE_IDENTIFIER = eu.coldiary.AndroTrack.watchkitapp;
				PRODUCT_NAME = "$(TARGET_NAME)";
				SDKROOT = watchos;
				SKIP_INSTALL = YES;
				SWIFT_VERSION = 5.0;
				TARGETED_DEVICE_FAMILY = 4;
				WATCHOS_DEPLOYMENT_TARGET = 7.4;
			};
			name = Debug;
		};
		6A922C6E26A4574B005782DB /* Release */ = {
			isa = XCBuildConfiguration;
			buildSettings = {
				ALWAYS_EMBED_SWIFT_STANDARD_LIBRARIES = YES;
				ASSETCATALOG_COMPILER_APPICON_NAME = AppIcon;
				ASSETCATALOG_COMPILER_GLOBAL_ACCENT_COLOR_NAME = AccentColor;
				CODE_SIGN_STYLE = Automatic;
				DEVELOPMENT_TEAM = C24Y42M3EJ;
				IBSC_MODULE = WatchAndroTrack_Extension;
				INFOPLIST_FILE = WatchAndroTrack/Info.plist;
				MARKETING_VERSION = 1.0.14;
				PRODUCT_BUNDLE_IDENTIFIER = eu.coldiary.AndroTrack.watchkitapp;
				PRODUCT_NAME = "$(TARGET_NAME)";
				SDKROOT = watchos;
				SKIP_INSTALL = YES;
				SWIFT_VERSION = 5.0;
				TARGETED_DEVICE_FAMILY = 4;
				VALIDATE_PRODUCT = YES;
				WATCHOS_DEPLOYMENT_TARGET = 7.4;
			};
			name = Release;
		};
		6A9A6F57269E15BA00A78C5C /* Debug */ = {
			isa = XCBuildConfiguration;
			buildSettings = {
				ALWAYS_SEARCH_USER_PATHS = NO;
				CLANG_ANALYZER_LOCALIZABILITY_NONLOCALIZED = YES;
				CLANG_ANALYZER_NONNULL = YES;
				CLANG_ANALYZER_NUMBER_OBJECT_CONVERSION = YES_AGGRESSIVE;
				CLANG_CXX_LANGUAGE_STANDARD = "gnu++14";
				CLANG_CXX_LIBRARY = "libc++";
				CLANG_ENABLE_MODULES = YES;
				CLANG_ENABLE_OBJC_ARC = YES;
				CLANG_ENABLE_OBJC_WEAK = YES;
				CLANG_WARN_BLOCK_CAPTURE_AUTORELEASING = YES;
				CLANG_WARN_BOOL_CONVERSION = YES;
				CLANG_WARN_COMMA = YES;
				CLANG_WARN_CONSTANT_CONVERSION = YES;
				CLANG_WARN_DEPRECATED_OBJC_IMPLEMENTATIONS = YES;
				CLANG_WARN_DIRECT_OBJC_ISA_USAGE = YES_ERROR;
				CLANG_WARN_DOCUMENTATION_COMMENTS = YES;
				CLANG_WARN_EMPTY_BODY = YES;
				CLANG_WARN_ENUM_CONVERSION = YES;
				CLANG_WARN_INFINITE_RECURSION = YES;
				CLANG_WARN_INT_CONVERSION = YES;
				CLANG_WARN_NON_LITERAL_NULL_CONVERSION = YES;
				CLANG_WARN_OBJC_IMPLICIT_RETAIN_SELF = YES;
				CLANG_WARN_OBJC_LITERAL_CONVERSION = YES;
				CLANG_WARN_OBJC_ROOT_CLASS = YES_ERROR;
				CLANG_WARN_QUOTED_INCLUDE_IN_FRAMEWORK_HEADER = YES;
				CLANG_WARN_RANGE_LOOP_ANALYSIS = YES;
				CLANG_WARN_STRICT_PROTOTYPES = YES;
				CLANG_WARN_SUSPICIOUS_MOVE = YES;
				CLANG_WARN_UNGUARDED_AVAILABILITY = YES_AGGRESSIVE;
				CLANG_WARN_UNREACHABLE_CODE = YES;
				CLANG_WARN__DUPLICATE_METHOD_MATCH = YES;
				COPY_PHASE_STRIP = NO;
				DEBUG_INFORMATION_FORMAT = dwarf;
				ENABLE_STRICT_OBJC_MSGSEND = YES;
				ENABLE_TESTABILITY = YES;
				GCC_C_LANGUAGE_STANDARD = gnu11;
				GCC_DYNAMIC_NO_PIC = NO;
				GCC_NO_COMMON_BLOCKS = YES;
				GCC_OPTIMIZATION_LEVEL = 0;
				GCC_PREPROCESSOR_DEFINITIONS = (
					"DEBUG=1",
					"$(inherited)",
				);
				GCC_WARN_64_TO_32_BIT_CONVERSION = YES;
				GCC_WARN_ABOUT_RETURN_TYPE = YES_ERROR;
				GCC_WARN_UNDECLARED_SELECTOR = YES;
				GCC_WARN_UNINITIALIZED_AUTOS = YES_AGGRESSIVE;
				GCC_WARN_UNUSED_FUNCTION = YES;
				GCC_WARN_UNUSED_VARIABLE = YES;
				IPHONEOS_DEPLOYMENT_TARGET = 14.3;
				MTL_ENABLE_DEBUG_INFO = INCLUDE_SOURCE;
				MTL_FAST_MATH = YES;
				ONLY_ACTIVE_ARCH = YES;
				OTHER_SWIFT_FLAGS = "-Xfrontend -warn-long-function-bodies=500 -Xfrontend -warn-long-expression-type-checking=200";
				SWIFT_ACTIVE_COMPILATION_CONDITIONS = DEBUG;
				SWIFT_OPTIMIZATION_LEVEL = "-Onone";
			};
			name = Debug;
		};
		6A9A6F58269E15BA00A78C5C /* Release */ = {
			isa = XCBuildConfiguration;
			buildSettings = {
				ALWAYS_SEARCH_USER_PATHS = NO;
				CLANG_ANALYZER_LOCALIZABILITY_NONLOCALIZED = YES;
				CLANG_ANALYZER_NONNULL = YES;
				CLANG_ANALYZER_NUMBER_OBJECT_CONVERSION = YES_AGGRESSIVE;
				CLANG_CXX_LANGUAGE_STANDARD = "gnu++14";
				CLANG_CXX_LIBRARY = "libc++";
				CLANG_ENABLE_MODULES = YES;
				CLANG_ENABLE_OBJC_ARC = YES;
				CLANG_ENABLE_OBJC_WEAK = YES;
				CLANG_WARN_BLOCK_CAPTURE_AUTORELEASING = YES;
				CLANG_WARN_BOOL_CONVERSION = YES;
				CLANG_WARN_COMMA = YES;
				CLANG_WARN_CONSTANT_CONVERSION = YES;
				CLANG_WARN_DEPRECATED_OBJC_IMPLEMENTATIONS = YES;
				CLANG_WARN_DIRECT_OBJC_ISA_USAGE = YES_ERROR;
				CLANG_WARN_DOCUMENTATION_COMMENTS = YES;
				CLANG_WARN_EMPTY_BODY = YES;
				CLANG_WARN_ENUM_CONVERSION = YES;
				CLANG_WARN_INFINITE_RECURSION = YES;
				CLANG_WARN_INT_CONVERSION = YES;
				CLANG_WARN_NON_LITERAL_NULL_CONVERSION = YES;
				CLANG_WARN_OBJC_IMPLICIT_RETAIN_SELF = YES;
				CLANG_WARN_OBJC_LITERAL_CONVERSION = YES;
				CLANG_WARN_OBJC_ROOT_CLASS = YES_ERROR;
				CLANG_WARN_QUOTED_INCLUDE_IN_FRAMEWORK_HEADER = YES;
				CLANG_WARN_RANGE_LOOP_ANALYSIS = YES;
				CLANG_WARN_STRICT_PROTOTYPES = YES;
				CLANG_WARN_SUSPICIOUS_MOVE = YES;
				CLANG_WARN_UNGUARDED_AVAILABILITY = YES_AGGRESSIVE;
				CLANG_WARN_UNREACHABLE_CODE = YES;
				CLANG_WARN__DUPLICATE_METHOD_MATCH = YES;
				COPY_PHASE_STRIP = NO;
				DEBUG_INFORMATION_FORMAT = "dwarf-with-dsym";
				ENABLE_NS_ASSERTIONS = NO;
				ENABLE_STRICT_OBJC_MSGSEND = YES;
				GCC_C_LANGUAGE_STANDARD = gnu11;
				GCC_NO_COMMON_BLOCKS = YES;
				GCC_WARN_64_TO_32_BIT_CONVERSION = YES;
				GCC_WARN_ABOUT_RETURN_TYPE = YES_ERROR;
				GCC_WARN_UNDECLARED_SELECTOR = YES;
				GCC_WARN_UNINITIALIZED_AUTOS = YES_AGGRESSIVE;
				GCC_WARN_UNUSED_FUNCTION = YES;
				GCC_WARN_UNUSED_VARIABLE = YES;
				IPHONEOS_DEPLOYMENT_TARGET = 14.3;
				MTL_ENABLE_DEBUG_INFO = NO;
				MTL_FAST_MATH = YES;
				OTHER_SWIFT_FLAGS = "-Xfrontend -warn-long-function-bodies=500 -Xfrontend -warn-long-expression-type-checking=200";
				SWIFT_COMPILATION_MODE = wholemodule;
				SWIFT_OPTIMIZATION_LEVEL = "-O";
			};
			name = Release;
		};
		6A9A6F5A269E15BA00A78C5C /* Debug */ = {
			isa = XCBuildConfiguration;
			buildSettings = {
				ASSETCATALOG_COMPILER_APPICON_NAME = AppIcon;
				ASSETCATALOG_COMPILER_GLOBAL_ACCENT_COLOR_NAME = AccentColor;
				CODE_SIGN_ENTITLEMENTS = AndroTrack.entitlements;
				CODE_SIGN_STYLE = Automatic;
				DEVELOPMENT_TEAM = C24Y42M3EJ;
				ENABLE_PREVIEWS = YES;
				INFOPLIST_FILE = iOS/Info.plist;
				IPHONEOS_DEPLOYMENT_TARGET = 14.3;
				LD_RUNPATH_SEARCH_PATHS = (
					"$(inherited)",
					"@executable_path/Frameworks",
				);
				MARKETING_VERSION = 1.0.14;
				PRODUCT_BUNDLE_IDENTIFIER = eu.coldiary.AndroTrack;
				PRODUCT_NAME = AndroTrack;
				SDKROOT = iphoneos;
				SWIFT_VERSION = 5.0;
				TARGETED_DEVICE_FAMILY = 1;
			};
			name = Debug;
		};
		6A9A6F5B269E15BA00A78C5C /* Release */ = {
			isa = XCBuildConfiguration;
			buildSettings = {
				ASSETCATALOG_COMPILER_APPICON_NAME = AppIcon;
				ASSETCATALOG_COMPILER_GLOBAL_ACCENT_COLOR_NAME = AccentColor;
				CODE_SIGN_ENTITLEMENTS = AndroTrack.entitlements;
				CODE_SIGN_STYLE = Automatic;
				DEVELOPMENT_TEAM = C24Y42M3EJ;
				ENABLE_PREVIEWS = YES;
				INFOPLIST_FILE = iOS/Info.plist;
				IPHONEOS_DEPLOYMENT_TARGET = 14.3;
				LD_RUNPATH_SEARCH_PATHS = (
					"$(inherited)",
					"@executable_path/Frameworks",
				);
				MARKETING_VERSION = 1.0.14;
				PRODUCT_BUNDLE_IDENTIFIER = eu.coldiary.AndroTrack;
				PRODUCT_NAME = AndroTrack;
				SDKROOT = iphoneos;
				SWIFT_VERSION = 5.0;
				TARGETED_DEVICE_FAMILY = 1;
				VALIDATE_PRODUCT = YES;
			};
			name = Release;
		};
/* End XCBuildConfiguration section */

/* Begin XCConfigurationList section */
		6A922C6826A4574B005782DB /* Build configuration list for PBXNativeTarget "WatchAndroTrack Extension" */ = {
			isa = XCConfigurationList;
			buildConfigurations = (
				6A922C6926A4574B005782DB /* Debug */,
				6A922C6A26A4574B005782DB /* Release */,
			);
			defaultConfigurationIsVisible = 0;
			defaultConfigurationName = Release;
		};
		6A922C6C26A4574B005782DB /* Build configuration list for PBXNativeTarget "WatchAndroTrack" */ = {
			isa = XCConfigurationList;
			buildConfigurations = (
				6A922C6D26A4574B005782DB /* Debug */,
				6A922C6E26A4574B005782DB /* Release */,
			);
			defaultConfigurationIsVisible = 0;
			defaultConfigurationName = Release;
		};
		6A9A6F3C269E15B800A78C5C /* Build configuration list for PBXProject "AndroTrack" */ = {
			isa = XCConfigurationList;
			buildConfigurations = (
				6A9A6F57269E15BA00A78C5C /* Debug */,
				6A9A6F58269E15BA00A78C5C /* Release */,
			);
			defaultConfigurationIsVisible = 0;
			defaultConfigurationName = Release;
		};
		6A9A6F59269E15BA00A78C5C /* Build configuration list for PBXNativeTarget "AndroTrack (iOS)" */ = {
			isa = XCConfigurationList;
			buildConfigurations = (
				6A9A6F5A269E15BA00A78C5C /* Debug */,
				6A9A6F5B269E15BA00A78C5C /* Release */,
			);
			defaultConfigurationIsVisible = 0;
			defaultConfigurationName = Release;
		};
/* End XCConfigurationList section */
	};
	rootObject = 6A9A6F39269E15B800A78C5C /* Project object */;
}
